
Microsoft Visual Studio Solution File, Format Version 12.00
# Visual Studio Version 17
VisualStudioVersion = 17.14.36203.30
MinimumVisualStudioVersion = 10.0.40219.1
Project("{FAE04EC0-301F-11D3-BF4B-00C04F79EFBC}") = "AspiriaTechnicalAssessment", "AspiriaTechnicalAssessment.csproj", "{6AD43301-87AC-4E3E-9DA4-E53485A315A8}"
EndProject
Project("{FAE04EC0-301F-11D3-BF4B-00C04F79EFBC}") = "AspiriaTechnicalAssessmentAPI.Test", "..\AspiriaTechnicalAssessmentAPI.Test\AspiriaTechnicalAssessmentAPI.Test.csproj", "{1A4A44E2-32EE-4A66-A673-72DBDB8CDEF5}"
EndProject
Global
	GlobalSection(SolutionConfigurationPlatforms) = preSolution
		Debug|Any CPU = Debug|Any CPU
		Release|Any CPU = Release|Any CPU
	EndGlobalSection
	GlobalSection(ProjectConfigurationPlatforms) = postSolution
		{6AD43301-87AC-4E3E-9DA4-E53485A315A8}.Debug|Any CPU.ActiveCfg = Debug|Any CPU
		{6AD43301-87AC-4E3E-9DA4-E53485A315A8}.Debug|Any CPU.Build.0 = Debug|Any CPU
		{6AD43301-87AC-4E3E-9DA4-E53485A315A8}.Release|Any CPU.ActiveCfg = Release|Any CPU
		{6AD43301-87AC-4E3E-9DA4-E53485A315A8}.Release|Any CPU.Build.0 = Release|Any CPU
		{1A4A44E2-32EE-4A66-A673-72DBDB8CDEF5}.Debug|Any CPU.ActiveCfg = Debug|Any CPU
		{1A4A44E2-32EE-4A66-A673-72DBDB8CDEF5}.Debug|Any CPU.Build.0 = Debug|Any CPU
		{1A4A44E2-32EE-4A66-A673-72DBDB8CDEF5}.Release|Any CPU.ActiveCfg = Release|Any CPU
		{1A4A44E2-32EE-4A66-A673-72DBDB8CDEF5}.Release|Any CPU.Build.0 = Release|Any CPU
	EndGlobalSection
	GlobalSection(SolutionProperties) = preSolution
		HideSolutionNode = FALSE
	EndGlobalSection
	GlobalSection(ExtensibilityGlobals) = postSolution
		SolutionGuid = {1313DDFD-2501-485E-A273-DC6199A29324}
	EndGlobalSection
EndGlobal
